
Microsoft Visual Studio Solution File, Format Version 12.00
# Visual Studio Version 17
VisualStudioVersion = 17.3.32804.467
MinimumVisualStudioVersion = 10.0.40219.1
Project("{FAE04EC0-301F-11D3-BF4B-00C04F79EFBC}") = "chifer", "chifer\chifer.csproj", "{02CE8BDD-DA98-40D5-BFF7-2ABADFB33E1D}"
EndProject
Global
	GlobalSection(SolutionConfigurationPlatforms) = preSolution
		Debug|Any CPU = Debug|Any CPU
		Release|Any CPU = Release|Any CPU
	EndGlobalSection
	GlobalSection(ProjectConfigurationPlatforms) = postSolution
		{02CE8BDD-DA98-40D5-BFF7-2ABADFB33E1D}.Debug|Any CPU.ActiveCfg = Debug|Any CPU
		{02CE8BDD-DA98-40D5-BFF7-2ABADFB33E1D}.Debug|Any CPU.Build.0 = Debug|Any CPU
		{02CE8BDD-DA98-40D5-BFF7-2ABADFB33E1D}.Release|Any CPU.ActiveCfg = Release|Any CPU
		{02CE8BDD-DA98-40D5-BFF7-2ABADFB33E1D}.Release|Any CPU.Build.0 = Release|Any CPU
	EndGlobalSection
	GlobalSection(SolutionProperties) = preSolution
		HideSolutionNode = FALSE
	EndGlobalSection
	GlobalSection(ExtensibilityGlobals) = postSolution
		SolutionGuid = {A77719D4-C7B3-4484-AE79-629AD9E8C618}
	EndGlobalSection
EndGlobal
